
Microsoft Visual Studio Solution File, Format Version 12.00
# Visual Studio Version 17
VisualStudioVersion = 17.0.31903.59
MinimumVisualStudioVersion = 10.0.40219.1
Project("{FAE04EC0-301F-11D3-BF4B-00C04F79EFBC}") = "ClassCrawler", "ClassCrawler\ClassCrawler.csproj", "{94F8E38A-9D6D-44D1-866F-2461D88DF238}"
EndProject
Project("{FAE04EC0-301F-11D3-BF4B-00C04F79EFBC}") = "ClassCrawler.Tests", "ClassCrawler.Tests\ClassCrawler.Tests.csproj", "{A693E9EC-85B8-418A-9E54-ED5406527BFE}"
EndProject
Global
	GlobalSection(SolutionConfigurationPlatforms) = preSolution
		Debug|Any CPU = Debug|Any CPU
		Debug|x64 = Debug|x64
		Debug|x86 = Debug|x86
		Release|Any CPU = Release|Any CPU
		Release|x64 = Release|x64
		Release|x86 = Release|x86
	EndGlobalSection
	GlobalSection(ProjectConfigurationPlatforms) = postSolution
		{94F8E38A-9D6D-44D1-866F-2461D88DF238}.Debug|Any CPU.ActiveCfg = Debug|Any CPU
		{94F8E38A-9D6D-44D1-866F-2461D88DF238}.Debug|Any CPU.Build.0 = Debug|Any CPU
		{94F8E38A-9D6D-44D1-866F-2461D88DF238}.Debug|x64.ActiveCfg = Debug|Any CPU
		{94F8E38A-9D6D-44D1-866F-2461D88DF238}.Debug|x64.Build.0 = Debug|Any CPU
		{94F8E38A-9D6D-44D1-866F-2461D88DF238}.Debug|x86.ActiveCfg = Debug|Any CPU
		{94F8E38A-9D6D-44D1-866F-2461D88DF238}.Debug|x86.Build.0 = Debug|Any CPU
		{94F8E38A-9D6D-44D1-866F-2461D88DF238}.Release|Any CPU.ActiveCfg = Release|Any CPU
		{94F8E38A-9D6D-44D1-866F-2461D88DF238}.Release|Any CPU.Build.0 = Release|Any CPU
		{94F8E38A-9D6D-44D1-866F-2461D88DF238}.Release|x64.ActiveCfg = Release|Any CPU
		{94F8E38A-9D6D-44D1-866F-2461D88DF238}.Release|x64.Build.0 = Release|Any CPU
		{94F8E38A-9D6D-44D1-866F-2461D88DF238}.Release|x86.ActiveCfg = Release|Any CPU
		{94F8E38A-9D6D-44D1-866F-2461D88DF238}.Release|x86.Build.0 = Release|Any CPU
		{A693E9EC-85B8-418A-9E54-ED5406527BFE}.Debug|Any CPU.ActiveCfg = Debug|Any CPU
		{A693E9EC-85B8-418A-9E54-ED5406527BFE}.Debug|Any CPU.Build.0 = Debug|Any CPU
		{A693E9EC-85B8-418A-9E54-ED5406527BFE}.Debug|x64.ActiveCfg = Debug|Any CPU
		{A693E9EC-85B8-418A-9E54-ED5406527BFE}.Debug|x64.Build.0 = Debug|Any CPU
		{A693E9EC-85B8-418A-9E54-ED5406527BFE}.Debug|x86.ActiveCfg = Debug|Any CPU
		{A693E9EC-85B8-418A-9E54-ED5406527BFE}.Debug|x86.Build.0 = Debug|Any CPU
		{A693E9EC-85B8-418A-9E54-ED5406527BFE}.Release|Any CPU.ActiveCfg = Release|Any CPU
		{A693E9EC-85B8-418A-9E54-ED5406527BFE}.Release|Any CPU.Build.0 = Release|Any CPU
		{A693E9EC-85B8-418A-9E54-ED5406527BFE}.Release|x64.ActiveCfg = Release|Any CPU
		{A693E9EC-85B8-418A-9E54-ED5406527BFE}.Release|x64.Build.0 = Release|Any CPU
		{A693E9EC-85B8-418A-9E54-ED5406527BFE}.Release|x86.ActiveCfg = Release|Any CPU
		{A693E9EC-85B8-418A-9E54-ED5406527BFE}.Release|x86.Build.0 = Release|Any CPU
	EndGlobalSection
	GlobalSection(SolutionProperties) = preSolution
		HideSolutionNode = FALSE
	EndGlobalSection
EndGlobal
